
Microsoft Visual Studio Solution File, Format Version 12.00
# Visual Studio 2013
VisualStudioVersion = 12.0.31101.0
MinimumVisualStudioVersion = 10.0.40219.1
Project("{2150E333-8FDC-42A3-9474-1A3956D46DE8}") = "RemoteBlinky", "RemoteBlinky", "{18567B72-D9CA-4E24-944C-CF8966730626}"
EndProject
Project("{D954291E-2A0B-460D-934E-DC6B0785DB48}") = "RemoteBlinky.Shared", "RemoteBlinky\RemoteBlinky.Shared\RemoteBlinky.Shared.shproj", "{66418108-ECAE-44AC-85AB-D127CF25D1CA}"
EndProject
Project("{FAE04EC0-301F-11D3-BF4B-00C04F79EFBC}") = "RemoteBlinky.Windows", "RemoteBlinky\RemoteBlinky.Windows\RemoteBlinky.Windows.csproj", "{FBA371C2-E063-4538-BED7-8479E7819EFF}"
	ProjectSection(ProjectDependencies) = postProject
		{8C570513-5FB3-4586-A757-B910E56B66A9} = {8C570513-5FB3-4586-A757-B910E56B66A9}
		{67ADAC13-BA28-4CB1-A706-17B0301171F1} = {67ADAC13-BA28-4CB1-A706-17B0301171F1}
		{02438027-2444-49CB-87BF-AC4D4DF8EF0F} = {02438027-2444-49CB-87BF-AC4D4DF8EF0F}
	EndProjectSection
EndProject
Project("{FAE04EC0-301F-11D3-BF4B-00C04F79EFBC}") = "RemoteBlinky.WindowsPhone", "RemoteBlinky\RemoteBlinky.WindowsPhone\RemoteBlinky.WindowsPhone.csproj", "{6FF69EED-B105-452A-BAFB-BE9FCC44746C}"
	ProjectSection(ProjectDependencies) = postProject
		{83A94C48-AF35-4FD9-B6C2-B0C12254ABFF} = {83A94C48-AF35-4FD9-B6C2-B0C12254ABFF}
		{E26CE8BA-B9DC-45F6-8D7D-D019A42ADE3F} = {E26CE8BA-B9DC-45F6-8D7D-D019A42ADE3F}
		{2B16A0FE-EA4F-411D-B25E-2FF9605C875B} = {2B16A0FE-EA4F-411D-B25E-2FF9605C875B}
	EndProjectSection
EndProject
Project("{8BC9CEB8-8B4A-11D0-8D11-00A0C91BC942}") = "Microsoft.Maker.Serial.Windows", "..\..\remote-wiring\Microsoft.Maker.win8_1\Microsoft.Maker.Serial\Microsoft.Maker.Serial.Windows\Microsoft.Maker.Serial.Windows.vcxproj", "{02438027-2444-49CB-87BF-AC4D4DF8EF0F}"
EndProject
Project("{8BC9CEB8-8B4A-11D0-8D11-00A0C91BC942}") = "Microsoft.Maker.Serial.WindowsPhone", "..\..\remote-wiring\Microsoft.Maker.win8_1\Microsoft.Maker.Serial\Microsoft.Maker.Serial.WindowsPhone\Microsoft.Maker.Serial.WindowsPhone.vcxproj", "{E26CE8BA-B9DC-45F6-8D7D-D019A42ADE3F}"
EndProject
Project("{8BC9CEB8-8B4A-11D0-8D11-00A0C91BC942}") = "Microsoft.Maker.Firmata.Windows", "..\..\remote-wiring\Microsoft.Maker.win8_1\Microsoft.Maker.Firmata\Microsoft.Maker.Firmata.Windows\Microsoft.Maker.Firmata.Windows.vcxproj", "{8C570513-5FB3-4586-A757-B910E56B66A9}"
EndProject
Project("{8BC9CEB8-8B4A-11D0-8D11-00A0C91BC942}") = "Microsoft.Maker.Firmata.WindowsPhone", "..\..\remote-wiring\Microsoft.Maker.win8_1\Microsoft.Maker.Firmata\Microsoft.Maker.Firmata.WindowsPhone\Microsoft.Maker.Firmata.WindowsPhone.vcxproj", "{83A94C48-AF35-4FD9-B6C2-B0C12254ABFF}"
EndProject
Project("{8BC9CEB8-8B4A-11D0-8D11-00A0C91BC942}") = "Microsoft.Maker.RemoteWiring.Windows", "..\..\remote-wiring\Microsoft.Maker.win8_1\Microsoft.Maker.RemoteWiring\Microsoft.Maker.RemoteWiring.Windows\Microsoft.Maker.RemoteWiring.Windows.vcxproj", "{67ADAC13-BA28-4CB1-A706-17B0301171F1}"
EndProject
Project("{8BC9CEB8-8B4A-11D0-8D11-00A0C91BC942}") = "Microsoft.Maker.RemoteWiring.WindowsPhone", "..\..\remote-wiring\Microsoft.Maker.win8_1\Microsoft.Maker.RemoteWiring\Microsoft.Maker.RemoteWiring.WindowsPhone\Microsoft.Maker.RemoteWiring.WindowsPhone.vcxproj", "{2B16A0FE-EA4F-411D-B25E-2FF9605C875B}"
EndProject
Global
	GlobalSection(SharedMSBuildProjectFiles) = preSolution
		..\..\remote-wiring\Microsoft.Maker.win8_1\Microsoft.Maker.Serial\Microsoft.Maker.Serial.Shared\Microsoft.Maker.Serial.Shared.vcxitems*{02438027-2444-49cb-87bf-ac4d4df8ef0f}*SharedItemsImports = 4
		..\..\remote-wiring\Microsoft.Maker.win8_1\Microsoft.Maker.Serial\Microsoft.Maker.Serial.Shared\Microsoft.Maker.Serial.Shared.vcxitems*{e26ce8ba-b9dc-45f6-8d7d-d019a42ade3f}*SharedItemsImports = 4
		..\..\remote-wiring\Microsoft.Maker.win8_1\Microsoft.Maker.Firmata\Microsoft.Maker.Firmata.Shared\Microsoft.Maker.Firmata.Shared.vcxitems*{83a94c48-af35-4fd9-b6c2-b0c12254abff}*SharedItemsImports = 4
		RemoteBlinky\RemoteBlinky.Shared\RemoteBlinky.Shared.projitems*{fba371c2-e063-4538-bed7-8479e7819eff}*SharedItemsImports = 4
		..\..\remote-wiring\Microsoft.Maker.win8_1\Microsoft.Maker.RemoteWiring\Microsoft.Maker.RemoteWiring.Shared\Microsoft.Maker.RemoteWiring.Shared.vcxitems*{67adac13-ba28-4cb1-a706-17b0301171f1}*SharedItemsImports = 4
		..\..\remote-wiring\Microsoft.Maker.win8_1\Microsoft.Maker.RemoteWiring\Microsoft.Maker.RemoteWiring.Shared\Microsoft.Maker.RemoteWiring.Shared.vcxitems*{2b16a0fe-ea4f-411d-b25e-2ff9605c875b}*SharedItemsImports = 4
		RemoteBlinky\RemoteBlinky.Shared\RemoteBlinky.Shared.projitems*{66418108-ecae-44ac-85ab-d127cf25d1ca}*SharedItemsImports = 13
		RemoteBlinky\RemoteBlinky.Shared\RemoteBlinky.Shared.projitems*{6ff69eed-b105-452a-bafb-be9fcc44746c}*SharedItemsImports = 4
		..\..\remote-wiring\Microsoft.Maker.win8_1\Microsoft.Maker.Firmata\Microsoft.Maker.Firmata.Shared\Microsoft.Maker.Firmata.Shared.vcxitems*{8c570513-5fb3-4586-a757-b910e56b66a9}*SharedItemsImports = 4
	EndGlobalSection
	GlobalSection(SolutionConfigurationPlatforms) = preSolution
		Debug|Any CPU = Debug|Any CPU
		Debug|ARM = Debug|ARM
		Debug|Mixed Platforms = Debug|Mixed Platforms
		Debug|Win32 = Debug|Win32
		Debug|x64 = Debug|x64
		Debug|x86 = Debug|x86
		Release|Any CPU = Release|Any CPU
		Release|ARM = Release|ARM
		Release|Mixed Platforms = Release|Mixed Platforms
		Release|Win32 = Release|Win32
		Release|x64 = Release|x64
		Release|x86 = Release|x86
	EndGlobalSection
	GlobalSection(ProjectConfigurationPlatforms) = postSolution
		{FBA371C2-E063-4538-BED7-8479E7819EFF}.Debug|Any CPU.ActiveCfg = Debug|Any CPU
		{FBA371C2-E063-4538-BED7-8479E7819EFF}.Debug|Any CPU.Build.0 = Debug|Any CPU
		{FBA371C2-E063-4538-BED7-8479E7819EFF}.Debug|Any CPU.Deploy.0 = Debug|Any CPU
		{FBA371C2-E063-4538-BED7-8479E7819EFF}.Debug|ARM.ActiveCfg = Debug|ARM
		{FBA371C2-E063-4538-BED7-8479E7819EFF}.Debug|ARM.Build.0 = Debug|ARM
		{FBA371C2-E063-4538-BED7-8479E7819EFF}.Debug|ARM.Deploy.0 = Debug|ARM
		{FBA371C2-E063-4538-BED7-8479E7819EFF}.Debug|Mixed Platforms.ActiveCfg = Debug|x64
		{FBA371C2-E063-4538-BED7-8479E7819EFF}.Debug|Mixed Platforms.Build.0 = Debug|x64
		{FBA371C2-E063-4538-BED7-8479E7819EFF}.Debug|Mixed Platforms.Deploy.0 = Debug|x64
		{FBA371C2-E063-4538-BED7-8479E7819EFF}.Debug|Win32.ActiveCfg = Debug|x86
		{FBA371C2-E063-4538-BED7-8479E7819EFF}.Debug|Win32.Build.0 = Debug|x86
		{FBA371C2-E063-4538-BED7-8479E7819EFF}.Debug|Win32.Deploy.0 = Debug|x86
		{FBA371C2-E063-4538-BED7-8479E7819EFF}.Debug|x64.ActiveCfg = Debug|x64
		{FBA371C2-E063-4538-BED7-8479E7819EFF}.Debug|x64.Build.0 = Debug|x64
		{FBA371C2-E063-4538-BED7-8479E7819EFF}.Debug|x64.Deploy.0 = Debug|x64
		{FBA371C2-E063-4538-BED7-8479E7819EFF}.Debug|x86.ActiveCfg = Debug|x86
		{FBA371C2-E063-4538-BED7-8479E7819EFF}.Debug|x86.Build.0 = Debug|x86
		{FBA371C2-E063-4538-BED7-8479E7819EFF}.Debug|x86.Deploy.0 = Debug|x86
		{FBA371C2-E063-4538-BED7-8479E7819EFF}.Release|Any CPU.ActiveCfg = Release|Any CPU
		{FBA371C2-E063-4538-BED7-8479E7819EFF}.Release|Any CPU.Build.0 = Release|Any CPU
		{FBA371C2-E063-4538-BED7-8479E7819EFF}.Release|Any CPU.Deploy.0 = Release|Any CPU
		{FBA371C2-E063-4538-BED7-8479E7819EFF}.Release|ARM.ActiveCfg = Release|ARM
		{FBA371C2-E063-4538-BED7-8479E7819EFF}.Release|ARM.Build.0 = Release|ARM
		{FBA371C2-E063-4538-BED7-8479E7819EFF}.Release|ARM.Deploy.0 = Release|ARM
		{FBA371C2-E063-4538-BED7-8479E7819EFF}.Release|Mixed Platforms.ActiveCfg = Release|x64
		{FBA371C2-E063-4538-BED7-8479E7819EFF}.Release|Mixed Platforms.Build.0 = Release|x64
		{FBA371C2-E063-4538-BED7-8479E7819EFF}.Release|Mixed Platforms.Deploy.0 = Release|x64
		{FBA371C2-E063-4538-BED7-8479E7819EFF}.Release|Win32.ActiveCfg = Release|x86
		{FBA371C2-E063-4538-BED7-8479E7819EFF}.Release|Win32.Build.0 = Release|x86
		{FBA371C2-E063-4538-BED7-8479E7819EFF}.Release|Win32.Deploy.0 = Release|x86
		{FBA371C2-E063-4538-BED7-8479E7819EFF}.Release|x64.ActiveCfg = Release|x64
		{FBA371C2-E063-4538-BED7-8479E7819EFF}.Release|x64.Build.0 = Release|x64
		{FBA371C2-E063-4538-BED7-8479E7819EFF}.Release|x64.Deploy.0 = Release|x64
		{FBA371C2-E063-4538-BED7-8479E7819EFF}.Release|x86.ActiveCfg = Release|x86
		{FBA371C2-E063-4538-BED7-8479E7819EFF}.Release|x86.Build.0 = Release|x86
		{FBA371C2-E063-4538-BED7-8479E7819EFF}.Release|x86.Deploy.0 = Release|x86
		{6FF69EED-B105-452A-BAFB-BE9FCC44746C}.Debug|Any CPU.ActiveCfg = Debug|Any CPU
		{6FF69EED-B105-452A-BAFB-BE9FCC44746C}.Debug|Any CPU.Build.0 = Debug|Any CPU
		{6FF69EED-B105-452A-BAFB-BE9FCC44746C}.Debug|Any CPU.Deploy.0 = Debug|Any CPU
		{6FF69EED-B105-452A-BAFB-BE9FCC44746C}.Debug|ARM.ActiveCfg = Debug|ARM
		{6FF69EED-B105-452A-BAFB-BE9FCC44746C}.Debug|ARM.Build.0 = Debug|ARM
		{6FF69EED-B105-452A-BAFB-BE9FCC44746C}.Debug|ARM.Deploy.0 = Debug|ARM
		{6FF69EED-B105-452A-BAFB-BE9FCC44746C}.Debug|Mixed Platforms.ActiveCfg = Debug|ARM
		{6FF69EED-B105-452A-BAFB-BE9FCC44746C}.Debug|Mixed Platforms.Build.0 = Debug|ARM
		{6FF69EED-B105-452A-BAFB-BE9FCC44746C}.Debug|Mixed Platforms.Deploy.0 = Debug|ARM
		{6FF69EED-B105-452A-BAFB-BE9FCC44746C}.Debug|Win32.ActiveCfg = Debug|x86
		{6FF69EED-B105-452A-BAFB-BE9FCC44746C}.Debug|Win32.Build.0 = Debug|x86
		{6FF69EED-B105-452A-BAFB-BE9FCC44746C}.Debug|Win32.Deploy.0 = Debug|x86
		{6FF69EED-B105-452A-BAFB-BE9FCC44746C}.Debug|x64.ActiveCfg = Debug|Any CPU
		{6FF69EED-B105-452A-BAFB-BE9FCC44746C}.Debug|x86.ActiveCfg = Debug|x86
		{6FF69EED-B105-452A-BAFB-BE9FCC44746C}.Debug|x86.Build.0 = Debug|x86
		{6FF69EED-B105-452A-BAFB-BE9FCC44746C}.Debug|x86.Deploy.0 = Debug|x86
		{6FF69EED-B105-452A-BAFB-BE9FCC44746C}.Release|Any CPU.ActiveCfg = Release|Any CPU
		{6FF69EED-B105-452A-BAFB-BE9FCC44746C}.Release|Any CPU.Build.0 = Release|Any CPU
		{6FF69EED-B105-452A-BAFB-BE9FCC44746C}.Release|Any CPU.Deploy.0 = Release|Any CPU
		{6FF69EED-B105-452A-BAFB-BE9FCC44746C}.Release|ARM.ActiveCfg = Release|ARM
		{6FF69EED-B105-452A-BAFB-BE9FCC44746C}.Release|ARM.Build.0 = Release|ARM
		{6FF69EED-B105-452A-BAFB-BE9FCC44746C}.Release|ARM.Deploy.0 = Release|ARM
		{6FF69EED-B105-452A-BAFB-BE9FCC44746C}.Release|Mixed Platforms.ActiveCfg = Release|ARM
		{6FF69EED-B105-452A-BAFB-BE9FCC44746C}.Release|Mixed Platforms.Build.0 = Release|ARM
		{6FF69EED-B105-452A-BAFB-BE9FCC44746C}.Release|Mixed Platforms.Deploy.0 = Release|ARM
		{6FF69EED-B105-452A-BAFB-BE9FCC44746C}.Release|Win32.ActiveCfg = Release|x86
		{6FF69EED-B105-452A-BAFB-BE9FCC44746C}.Release|Win32.Build.0 = Release|x86
		{6FF69EED-B105-452A-BAFB-BE9FCC44746C}.Release|Win32.Deploy.0 = Release|x86
		{6FF69EED-B105-452A-BAFB-BE9FCC44746C}.Release|x64.ActiveCfg = Release|Any CPU
		{6FF69EED-B105-452A-BAFB-BE9FCC44746C}.Release|x86.ActiveCfg = Release|x86
		{6FF69EED-B105-452A-BAFB-BE9FCC44746C}.Release|x86.Build.0 = Release|x86
		{6FF69EED-B105-452A-BAFB-BE9FCC44746C}.Release|x86.Deploy.0 = Release|x86
		{02438027-2444-49CB-87BF-AC4D4DF8EF0F}.Debug|Any CPU.ActiveCfg = Debug|Win32
		{02438027-2444-49CB-87BF-AC4D4DF8EF0F}.Debug|ARM.ActiveCfg = Debug|ARM
		{02438027-2444-49CB-87BF-AC4D4DF8EF0F}.Debug|ARM.Build.0 = Debug|ARM
		{02438027-2444-49CB-87BF-AC4D4DF8EF0F}.Debug|Mixed Platforms.ActiveCfg = Debug|x64
		{02438027-2444-49CB-87BF-AC4D4DF8EF0F}.Debug|Mixed Platforms.Build.0 = Debug|x64
		{02438027-2444-49CB-87BF-AC4D4DF8EF0F}.Debug|Win32.ActiveCfg = Debug|Win32
		{02438027-2444-49CB-87BF-AC4D4DF8EF0F}.Debug|Win32.Build.0 = Debug|Win32
		{02438027-2444-49CB-87BF-AC4D4DF8EF0F}.Debug|x64.ActiveCfg = Debug|x64
		{02438027-2444-49CB-87BF-AC4D4DF8EF0F}.Debug|x64.Build.0 = Debug|x64
		{02438027-2444-49CB-87BF-AC4D4DF8EF0F}.Debug|x86.ActiveCfg = Debug|Win32
		{02438027-2444-49CB-87BF-AC4D4DF8EF0F}.Debug|x86.Build.0 = Debug|Win32
		{02438027-2444-49CB-87BF-AC4D4DF8EF0F}.Release|Any CPU.ActiveCfg = Release|Win32
		{02438027-2444-49CB-87BF-AC4D4DF8EF0F}.Release|ARM.ActiveCfg = Release|ARM
		{02438027-2444-49CB-87BF-AC4D4DF8EF0F}.Release|ARM.Build.0 = Release|ARM
		{02438027-2444-49CB-87BF-AC4D4DF8EF0F}.Release|Mixed Platforms.ActiveCfg = Release|x64
		{02438027-2444-49CB-87BF-AC4D4DF8EF0F}.Release|Mixed Platforms.Build.0 = Release|x64
		{02438027-2444-49CB-87BF-AC4D4DF8EF0F}.Release|Win32.ActiveCfg = Release|Win32
		{02438027-2444-49CB-87BF-AC4D4DF8EF0F}.Release|Win32.Build.0 = Release|Win32
		{02438027-2444-49CB-87BF-AC4D4DF8EF0F}.Release|x64.ActiveCfg = Release|x64
		{02438027-2444-49CB-87BF-AC4D4DF8EF0F}.Release|x64.Build.0 = Release|x64
		{02438027-2444-49CB-87BF-AC4D4DF8EF0F}.Release|x86.ActiveCfg = Release|Win32
		{02438027-2444-49CB-87BF-AC4D4DF8EF0F}.Release|x86.Build.0 = Release|Win32
		{E26CE8BA-B9DC-45F6-8D7D-D019A42ADE3F}.Debug|Any CPU.ActiveCfg = Debug|Win32
		{E26CE8BA-B9DC-45F6-8D7D-D019A42ADE3F}.Debug|ARM.ActiveCfg = Debug|ARM
		{E26CE8BA-B9DC-45F6-8D7D-D019A42ADE3F}.Debug|ARM.Build.0 = Debug|ARM
		{E26CE8BA-B9DC-45F6-8D7D-D019A42ADE3F}.Debug|Mixed Platforms.ActiveCfg = Debug|ARM
		{E26CE8BA-B9DC-45F6-8D7D-D019A42ADE3F}.Debug|Mixed Platforms.Build.0 = Debug|ARM
		{E26CE8BA-B9DC-45F6-8D7D-D019A42ADE3F}.Debug|Win32.ActiveCfg = Debug|Win32
		{E26CE8BA-B9DC-45F6-8D7D-D019A42ADE3F}.Debug|Win32.Build.0 = Debug|Win32
		{E26CE8BA-B9DC-45F6-8D7D-D019A42ADE3F}.Debug|x64.ActiveCfg = Debug|Win32
		{E26CE8BA-B9DC-45F6-8D7D-D019A42ADE3F}.Debug|x86.ActiveCfg = Debug|Win32
		{E26CE8BA-B9DC-45F6-8D7D-D019A42ADE3F}.Debug|x86.Build.0 = Debug|Win32
		{E26CE8BA-B9DC-45F6-8D7D-D019A42ADE3F}.Release|Any CPU.ActiveCfg = Release|Win32
		{E26CE8BA-B9DC-45F6-8D7D-D019A42ADE3F}.Release|ARM.ActiveCfg = Release|ARM
		{E26CE8BA-B9DC-45F6-8D7D-D019A42ADE3F}.Release|ARM.Build.0 = Release|ARM
		{E26CE8BA-B9DC-45F6-8D7D-D019A42ADE3F}.Release|Mixed Platforms.ActiveCfg = Release|ARM
		{E26CE8BA-B9DC-45F6-8D7D-D019A42ADE3F}.Release|Mixed Platforms.Build.0 = Release|ARM
		{E26CE8BA-B9DC-45F6-8D7D-D019A42ADE3F}.Release|Win32.ActiveCfg = Release|Win32
		{E26CE8BA-B9DC-45F6-8D7D-D019A42ADE3F}.Release|Win32.Build.0 = Release|Win32
		{E26CE8BA-B9DC-45F6-8D7D-D019A42ADE3F}.Release|x64.ActiveCfg = Release|Win32
		{E26CE8BA-B9DC-45F6-8D7D-D019A42ADE3F}.Release|x86.ActiveCfg = Release|Win32
		{E26CE8BA-B9DC-45F6-8D7D-D019A42ADE3F}.Release|x86.Build.0 = Release|Win32
		{8C570513-5FB3-4586-A757-B910E56B66A9}.Debug|Any CPU.ActiveCfg = Debug|Win32
		{8C570513-5FB3-4586-A757-B910E56B66A9}.Debug|ARM.ActiveCfg = Debug|ARM
		{8C570513-5FB3-4586-A757-B910E56B66A9}.Debug|ARM.Build.0 = Debug|ARM
		{8C570513-5FB3-4586-A757-B910E56B66A9}.Debug|Mixed Platforms.ActiveCfg = Debug|x64
		{8C570513-5FB3-4586-A757-B910E56B66A9}.Debug|Mixed Platforms.Build.0 = Debug|x64
		{8C570513-5FB3-4586-A757-B910E56B66A9}.Debug|Win32.ActiveCfg = Debug|Win32
		{8C570513-5FB3-4586-A757-B910E56B66A9}.Debug|Win32.Build.0 = Debug|Win32
		{8C570513-5FB3-4586-A757-B910E56B66A9}.Debug|x64.ActiveCfg = Debug|x64
		{8C570513-5FB3-4586-A757-B910E56B66A9}.Debug|x64.Build.0 = Debug|x64
		{8C570513-5FB3-4586-A757-B910E56B66A9}.Debug|x86.ActiveCfg = Debug|Win32
		{8C570513-5FB3-4586-A757-B910E56B66A9}.Debug|x86.Build.0 = Debug|Win32
		{8C570513-5FB3-4586-A757-B910E56B66A9}.Release|Any CPU.ActiveCfg = Release|Win32
		{8C570513-5FB3-4586-A757-B910E56B66A9}.Release|ARM.ActiveCfg = Release|ARM
		{8C570513-5FB3-4586-A757-B910E56B66A9}.Release|ARM.Build.0 = Release|ARM
		{8C570513-5FB3-4586-A757-B910E56B66A9}.Release|Mixed Platforms.ActiveCfg = Release|x64
		{8C570513-5FB3-4586-A757-B910E56B66A9}.Release|Mixed Platforms.Build.0 = Release|x64
		{8C570513-5FB3-4586-A757-B910E56B66A9}.Release|Win32.ActiveCfg = Release|Win32
		{8C570513-5FB3-4586-A757-B910E56B66A9}.Release|Win32.Build.0 = Release|Win32
		{8C570513-5FB3-4586-A757-B910E56B66A9}.Release|x64.ActiveCfg = Release|x64
		{8C570513-5FB3-4586-A757-B910E56B66A9}.Release|x64.Build.0 = Release|x64
		{8C570513-5FB3-4586-A757-B910E56B66A9}.Release|x86.ActiveCfg = Release|Win32
		{8C570513-5FB3-4586-A757-B910E56B66A9}.Release|x86.Build.0 = Release|Win32
		{83A94C48-AF35-4FD9-B6C2-B0C12254ABFF}.Debug|Any CPU.ActiveCfg = Debug|Win32
		{83A94C48-AF35-4FD9-B6C2-B0C12254ABFF}.Debug|ARM.ActiveCfg = Debug|ARM
		{83A94C48-AF35-4FD9-B6C2-B0C12254ABFF}.Debug|ARM.Build.0 = Debug|ARM
		{83A94C48-AF35-4FD9-B6C2-B0C12254ABFF}.Debug|Mixed Platforms.ActiveCfg = Debug|ARM
		{83A94C48-AF35-4FD9-B6C2-B0C12254ABFF}.Debug|Mixed Platforms.Build.0 = Debug|ARM
		{83A94C48-AF35-4FD9-B6C2-B0C12254ABFF}.Debug|Win32.ActiveCfg = Debug|Win32
		{83A94C48-AF35-4FD9-B6C2-B0C12254ABFF}.Debug|Win32.Build.0 = Debug|Win32
		{83A94C48-AF35-4FD9-B6C2-B0C12254ABFF}.Debug|x64.ActiveCfg = Debug|Win32
		{83A94C48-AF35-4FD9-B6C2-B0C12254ABFF}.Debug|x86.ActiveCfg = Debug|Win32
		{83A94C48-AF35-4FD9-B6C2-B0C12254ABFF}.Debug|x86.Build.0 = Debug|Win32
		{83A94C48-AF35-4FD9-B6C2-B0C12254ABFF}.Release|Any CPU.ActiveCfg = Release|Win32
		{83A94C48-AF35-4FD9-B6C2-B0C12254ABFF}.Release|ARM.ActiveCfg = Release|ARM
		{83A94C48-AF35-4FD9-B6C2-B0C12254ABFF}.Release|ARM.Build.0 = Release|ARM
		{83A94C48-AF35-4FD9-B6C2-B0C12254ABFF}.Release|Mixed Platforms.ActiveCfg = Release|ARM
		{83A94C48-AF35-4FD9-B6C2-B0C12254ABFF}.Release|Mixed Platforms.Build.0 = Release|ARM
		{83A94C48-AF35-4FD9-B6C2-B0C12254ABFF}.Release|Win32.ActiveCfg = Release|Win32
		{83A94C48-AF35-4FD9-B6C2-B0C12254ABFF}.Release|Win32.Build.0 = Release|Win32
		{83A94C48-AF35-4FD9-B6C2-B0C12254ABFF}.Release|x64.ActiveCfg = Release|Win32
		{83A94C48-AF35-4FD9-B6C2-B0C12254ABFF}.Release|x86.ActiveCfg = Release|Win32
		{83A94C48-AF35-4FD9-B6C2-B0C12254ABFF}.Release|x86.Build.0 = Release|Win32
		{67ADAC13-BA28-4CB1-A706-17B0301171F1}.Debug|Any CPU.ActiveCfg = Debug|Win32
		{67ADAC13-BA28-4CB1-A706-17B0301171F1}.Debug|ARM.ActiveCfg = Debug|ARM
		{67ADAC13-BA28-4CB1-A706-17B0301171F1}.Debug|ARM.Build.0 = Debug|ARM
		{67ADAC13-BA28-4CB1-A706-17B0301171F1}.Debug|Mixed Platforms.ActiveCfg = Debug|x64
		{67ADAC13-BA28-4CB1-A706-17B0301171F1}.Debug|Mixed Platforms.Build.0 = Debug|x64
		{67ADAC13-BA28-4CB1-A706-17B0301171F1}.Debug|Win32.ActiveCfg = Debug|Win32
		{67ADAC13-BA28-4CB1-A706-17B0301171F1}.Debug|Win32.Build.0 = Debug|Win32
		{67ADAC13-BA28-4CB1-A706-17B0301171F1}.Debug|x64.ActiveCfg = Debug|x64
		{67ADAC13-BA28-4CB1-A706-17B0301171F1}.Debug|x64.Build.0 = Debug|x64
		{67ADAC13-BA28-4CB1-A706-17B0301171F1}.Debug|x86.ActiveCfg = Debug|Win32
		{67ADAC13-BA28-4CB1-A706-17B0301171F1}.Debug|x86.Build.0 = Debug|Win32
		{67ADAC13-BA28-4CB1-A706-17B0301171F1}.Release|Any CPU.ActiveCfg = Release|Win32
		{67ADAC13-BA28-4CB1-A706-17B0301171F1}.Release|ARM.ActiveCfg = Release|ARM
		{67ADAC13-BA28-4CB1-A706-17B0301171F1}.Release|ARM.Build.0 = Release|ARM
		{67ADAC13-BA28-4CB1-A706-17B0301171F1}.Release|Mixed Platforms.ActiveCfg = Release|x64
		{67ADAC13-BA28-4CB1-A706-17B0301171F1}.Release|Mixed Platforms.Build.0 = Release|x64
		{67ADAC13-BA28-4CB1-A706-17B0301171F1}.Release|Win32.ActiveCfg = Release|Win32
		{67ADAC13-BA28-4CB1-A706-17B0301171F1}.Release|Win32.Build.0 = Release|Win32
		{67ADAC13-BA28-4CB1-A706-17B0301171F1}.Release|x64.ActiveCfg = Release|x64
		{67ADAC13-BA28-4CB1-A706-17B0301171F1}.Release|x64.Build.0 = Release|x64
		{67ADAC13-BA28-4CB1-A706-17B0301171F1}.Release|x86.ActiveCfg = Release|Win32
		{67ADAC13-BA28-4CB1-A706-17B0301171F1}.Release|x86.Build.0 = Release|Win32
		{2B16A0FE-EA4F-411D-B25E-2FF9605C875B}.Debug|Any CPU.ActiveCfg = Debug|Win32
		{2B16A0FE-EA4F-411D-B25E-2FF9605C875B}.Debug|ARM.ActiveCfg = Debug|ARM
		{2B16A0FE-EA4F-411D-B25E-2FF9605C875B}.Debug|ARM.Build.0 = Debug|ARM
		{2B16A0FE-EA4F-411D-B25E-2FF9605C875B}.Debug|Mixed Platforms.ActiveCfg = Debug|ARM
		{2B16A0FE-EA4F-411D-B25E-2FF9605C875B}.Debug|Mixed Platforms.Build.0 = Debug|ARM
		{2B16A0FE-EA4F-411D-B25E-2FF9605C875B}.Debug|Win32.ActiveCfg = Debug|Win32
		{2B16A0FE-EA4F-411D-B25E-2FF9605C875B}.Debug|Win32.Build.0 = Debug|Win32
		{2B16A0FE-EA4F-411D-B25E-2FF9605C875B}.Debug|x64.ActiveCfg = Debug|Win32
		{2B16A0FE-EA4F-411D-B25E-2FF9605C875B}.Debug|x86.ActiveCfg = Debug|Win32
		{2B16A0FE-EA4F-411D-B25E-2FF9605C875B}.Debug|x86.Build.0 = Debug|Win32
		{2B16A0FE-EA4F-411D-B25E-2FF9605C875B}.Release|Any CPU.ActiveCfg = Release|Win32
		{2B16A0FE-EA4F-411D-B25E-2FF9605C875B}.Release|ARM.ActiveCfg = Release|ARM
		{2B16A0FE-EA4F-411D-B25E-2FF9605C875B}.Release|ARM.Build.0 = Release|ARM
		{2B16A0FE-EA4F-411D-B25E-2FF9605C875B}.Release|Mixed Platforms.ActiveCfg = Release|ARM
		{2B16A0FE-EA4F-411D-B25E-2FF9605C875B}.Release|Mixed Platforms.Build.0 = Release|ARM
		{2B16A0FE-EA4F-411D-B25E-2FF9605C875B}.Release|Win32.ActiveCfg = Release|Win32
		{2B16A0FE-EA4F-411D-B25E-2FF9605C875B}.Release|Win32.Build.0 = Release|Win32
		{2B16A0FE-EA4F-411D-B25E-2FF9605C875B}.Release|x64.ActiveCfg = Release|Win32
		{2B16A0FE-EA4F-411D-B25E-2FF9605C875B}.Release|x86.ActiveCfg = Release|Win32
		{2B16A0FE-EA4F-411D-B25E-2FF9605C875B}.Release|x86.Build.0 = Release|Win32
	EndGlobalSection
	GlobalSection(SolutionProperties) = preSolution
		HideSolutionNode = FALSE
	EndGlobalSection
	GlobalSection(NestedProjects) = preSolution
		{66418108-ECAE-44AC-85AB-D127CF25D1CA} = {18567B72-D9CA-4E24-944C-CF8966730626}
		{FBA371C2-E063-4538-BED7-8479E7819EFF} = {18567B72-D9CA-4E24-944C-CF8966730626}
		{6FF69EED-B105-452A-BAFB-BE9FCC44746C} = {18567B72-D9CA-4E24-944C-CF8966730626}
	EndGlobalSection
EndGlobal
